
Microsoft Visual Studio Solution File, Format Version 12.00
# Visual Studio 15
VisualStudioVersion = 15.0.28307.102
MinimumVisualStudioVersion = 10.0.40219.1
Project("{FAE04EC0-301F-11D3-BF4B-00C04F79EFBC}") = "WindowsFormsAppTest2_Nov2018", "WindowsFormsAppTest2_Nov2018.csproj", "{6067406F-51DB-4F7B-B9C1-3CE8398B7B10}"
EndProject
Global
	GlobalSection(SolutionConfigurationPlatforms) = preSolution
		Debug|Any CPU = Debug|Any CPU
		Release|Any CPU = Release|Any CPU
	EndGlobalSection
	GlobalSection(ProjectConfigurationPlatforms) = postSolution
		{6067406F-51DB-4F7B-B9C1-3CE8398B7B10}.Debug|Any CPU.ActiveCfg = Debug|Any CPU
		{6067406F-51DB-4F7B-B9C1-3CE8398B7B10}.Debug|Any CPU.Build.0 = Debug|Any CPU
		{6067406F-51DB-4F7B-B9C1-3CE8398B7B10}.Release|Any CPU.ActiveCfg = Release|Any CPU
		{6067406F-51DB-4F7B-B9C1-3CE8398B7B10}.Release|Any CPU.Build.0 = Release|Any CPU
	EndGlobalSection
	GlobalSection(SolutionProperties) = preSolution
		HideSolutionNode = FALSE
	EndGlobalSection
	GlobalSection(ExtensibilityGlobals) = postSolution
		SolutionGuid = {93D3CBA8-BDA1-476A-8851-B0B6BE585903}
	EndGlobalSection
EndGlobal
